<?xml version="1.0" encoding="utf-8"?>
<Project ToolsVersion="16.0" xmlns="http://schemas.microsoft.com/developer/msbuild/2003">
  <ItemGroup>
    <CustomBuild Include="F:\YOLOV4\darknet-master\CMakeFiles\9a6d5f9d5f9a07d614f80bca15db163e\INSTALL_force.rule">
      <Filter>CMake Rules</Filter>
    </CustomBuild>
  </ItemGroup>
  <ItemGroup>
    <Filter Include="CMake Rules">
      <UniqueIdentifier>{C8378692-3494-3C93-8503-0FDE9CC20C04}</UniqueIdentifier>
    </Filter>
  </ItemGroup>
</Project>
